
Microsoft Visual Studio Solution File, Format Version 12.00
# Visual Studio Version 16
VisualStudioVersion = 16.0.29025.244
MinimumVisualStudioVersion = 10.0.40219.1
Project("{FAE04EC0-301F-11D3-BF4B-00C04F79EFBC}") = "SLAM4-TP2-Martin_laugere", "SLAM4-TP2-Martin_laugere.csproj", "{C59A9A74-6EC0-4B09-948C-207B61D3A4B8}"
EndProject
Global
	GlobalSection(SolutionConfigurationPlatforms) = preSolution
		Debug|Any CPU = Debug|Any CPU
		Release|Any CPU = Release|Any CPU
	EndGlobalSection
	GlobalSection(ProjectConfigurationPlatforms) = postSolution
		{C59A9A74-6EC0-4B09-948C-207B61D3A4B8}.Debug|Any CPU.ActiveCfg = Debug|Any CPU
		{C59A9A74-6EC0-4B09-948C-207B61D3A4B8}.Debug|Any CPU.Build.0 = Debug|Any CPU
		{C59A9A74-6EC0-4B09-948C-207B61D3A4B8}.Release|Any CPU.ActiveCfg = Release|Any CPU
		{C59A9A74-6EC0-4B09-948C-207B61D3A4B8}.Release|Any CPU.Build.0 = Release|Any CPU
	EndGlobalSection
	GlobalSection(SolutionProperties) = preSolution
		HideSolutionNode = FALSE
	EndGlobalSection
	GlobalSection(ExtensibilityGlobals) = postSolution
		SolutionGuid = {AB1F44A7-4787-4779-9A13-ED16A56A85AB}
	EndGlobalSection
EndGlobal
